
Microsoft Visual Studio Solution File, Format Version 12.00
# Visual Studio Version 18
VisualStudioVersion = 18.1.11312.151
MinimumVisualStudioVersion = 10.0.40219.1
Project("{2150E333-8FDC-42A3-9474-1A3956D46DE8}") = "src", "src", "{827E0CD3-B72D-47B6-A68D-7590B98EB39B}"
EndProject
Project("{FAE04EC0-301F-11D3-BF4B-00C04F79EFBC}") = "A2UI.Core", "src\A2UI.Core\A2UI.Core.csproj", "{20050E27-225D-4043-B694-748F135970DD}"
EndProject
Project("{FAE04EC0-301F-11D3-BF4B-00C04F79EFBC}") = "A2UI.Blazor.Components", "src\A2UI.Blazor.Components\A2UI.Blazor.Components.csproj", "{77217953-146B-48DA-8DED-E0FA782F052A}"
EndProject
Project("{FAE04EC0-301F-11D3-BF4B-00C04F79EFBC}") = "A2UI.AgentSDK", "src\A2UI.AgentSDK\A2UI.AgentSDK.csproj", "{6E8AE33F-D145-446B-8936-41E4EA5D6FC2}"
EndProject
Project("{FAE04EC0-301F-11D3-BF4B-00C04F79EFBC}") = "A2UI.Theming", "src\A2UI.Theming\A2UI.Theming.csproj", "{C0F996F1-D34D-46EE-B272-41EF8117055F}"
EndProject
Project("{2150E333-8FDC-42A3-9474-1A3956D46DE8}") = "tests", "tests", "{0AB3BF05-4346-4AA6-1389-037BE0695223}"
EndProject
Project("{FAE04EC0-301F-11D3-BF4B-00C04F79EFBC}") = "A2UI.Core.Tests", "tests\A2UI.Core.Tests\A2UI.Core.Tests.csproj", "{F9CAF6AC-697A-4580-A22E-4704914D7B3D}"
EndProject
Project("{2150E333-8FDC-42A3-9474-1A3956D46DE8}") = "samples", "samples", "{5D20AA90-6969-D8BD-9DCD-8634F4692FDA}"
EndProject
Project("{FAE04EC0-301F-11D3-BF4B-00C04F79EFBC}") = "A2UI.Sample.BlazorServer", "samples\A2UI.Sample.BlazorServer\A2UI.Sample.BlazorServer.csproj", "{FE4F4138-BA2A-4C03-A8C2-28B02EF9F9CD}"
EndProject
Global
	GlobalSection(SolutionConfigurationPlatforms) = preSolution
		Debug|Any CPU = Debug|Any CPU
		Debug|x64 = Debug|x64
		Debug|x86 = Debug|x86
		Release|Any CPU = Release|Any CPU
		Release|x64 = Release|x64
		Release|x86 = Release|x86
	EndGlobalSection
	GlobalSection(ProjectConfigurationPlatforms) = postSolution
		{20050E27-225D-4043-B694-748F135970DD}.Debug|Any CPU.ActiveCfg = Debug|Any CPU
		{20050E27-225D-4043-B694-748F135970DD}.Debug|Any CPU.Build.0 = Debug|Any CPU
		{20050E27-225D-4043-B694-748F135970DD}.Debug|x64.ActiveCfg = Debug|Any CPU
		{20050E27-225D-4043-B694-748F135970DD}.Debug|x64.Build.0 = Debug|Any CPU
		{20050E27-225D-4043-B694-748F135970DD}.Debug|x86.ActiveCfg = Debug|Any CPU
		{20050E27-225D-4043-B694-748F135970DD}.Debug|x86.Build.0 = Debug|Any CPU
		{20050E27-225D-4043-B694-748F135970DD}.Release|Any CPU.ActiveCfg = Release|Any CPU
		{20050E27-225D-4043-B694-748F135970DD}.Release|Any CPU.Build.0 = Release|Any CPU
		{20050E27-225D-4043-B694-748F135970DD}.Release|x64.ActiveCfg = Release|Any CPU
		{20050E27-225D-4043-B694-748F135970DD}.Release|x64.Build.0 = Release|Any CPU
		{20050E27-225D-4043-B694-748F135970DD}.Release|x86.ActiveCfg = Release|Any CPU
		{20050E27-225D-4043-B694-748F135970DD}.Release|x86.Build.0 = Release|Any CPU
		{77217953-146B-48DA-8DED-E0FA782F052A}.Debug|Any CPU.ActiveCfg = Debug|Any CPU
		{77217953-146B-48DA-8DED-E0FA782F052A}.Debug|Any CPU.Build.0 = Debug|Any CPU
		{77217953-146B-48DA-8DED-E0FA782F052A}.Debug|x64.ActiveCfg = Debug|Any CPU
		{77217953-146B-48DA-8DED-E0FA782F052A}.Debug|x64.Build.0 = Debug|Any CPU
		{77217953-146B-48DA-8DED-E0FA782F052A}.Debug|x86.ActiveCfg = Debug|Any CPU
		{77217953-146B-48DA-8DED-E0FA782F052A}.Debug|x86.Build.0 = Debug|Any CPU
		{77217953-146B-48DA-8DED-E0FA782F052A}.Release|Any CPU.ActiveCfg = Release|Any CPU
		{77217953-146B-48DA-8DED-E0FA782F052A}.Release|Any CPU.Build.0 = Release|Any CPU
		{77217953-146B-48DA-8DED-E0FA782F052A}.Release|x64.ActiveCfg = Release|Any CPU
		{77217953-146B-48DA-8DED-E0FA782F052A}.Release|x64.Build.0 = Release|Any CPU
		{77217953-146B-48DA-8DED-E0FA782F052A}.Release|x86.ActiveCfg = Release|Any CPU
		{77217953-146B-48DA-8DED-E0FA782F052A}.Release|x86.Build.0 = Release|Any CPU
		{6E8AE33F-D145-446B-8936-41E4EA5D6FC2}.Debug|Any CPU.ActiveCfg = Debug|Any CPU
		{6E8AE33F-D145-446B-8936-41E4EA5D6FC2}.Debug|Any CPU.Build.0 = Debug|Any CPU
		{6E8AE33F-D145-446B-8936-41E4EA5D6FC2}.Debug|x64.ActiveCfg = Debug|Any CPU
		{6E8AE33F-D145-446B-8936-41E4EA5D6FC2}.Debug|x64.Build.0 = Debug|Any CPU
		{6E8AE33F-D145-446B-8936-41E4EA5D6FC2}.Debug|x86.ActiveCfg = Debug|Any CPU
		{6E8AE33F-D145-446B-8936-41E4EA5D6FC2}.Debug|x86.Build.0 = Debug|Any CPU
		{6E8AE33F-D145-446B-8936-41E4EA5D6FC2}.Release|Any CPU.ActiveCfg = Release|Any CPU
		{6E8AE33F-D145-446B-8936-41E4EA5D6FC2}.Release|Any CPU.Build.0 = Release|Any CPU
		{6E8AE33F-D145-446B-8936-41E4EA5D6FC2}.Release|x64.ActiveCfg = Release|Any CPU
		{6E8AE33F-D145-446B-8936-41E4EA5D6FC2}.Release|x64.Build.0 = Release|Any CPU
		{6E8AE33F-D145-446B-8936-41E4EA5D6FC2}.Release|x86.ActiveCfg = Release|Any CPU
		{6E8AE33F-D145-446B-8936-41E4EA5D6FC2}.Release|x86.Build.0 = Release|Any CPU
		{C0F996F1-D34D-46EE-B272-41EF8117055F}.Debug|Any CPU.ActiveCfg = Debug|Any CPU
		{C0F996F1-D34D-46EE-B272-41EF8117055F}.Debug|Any CPU.Build.0 = Debug|Any CPU
		{C0F996F1-D34D-46EE-B272-41EF8117055F}.Debug|x64.ActiveCfg = Debug|Any CPU
		{C0F996F1-D34D-46EE-B272-41EF8117055F}.Debug|x64.Build.0 = Debug|Any CPU
		{C0F996F1-D34D-46EE-B272-41EF8117055F}.Debug|x86.ActiveCfg = Debug|Any CPU
		{C0F996F1-D34D-46EE-B272-41EF8117055F}.Debug|x86.Build.0 = Debug|Any CPU
		{C0F996F1-D34D-46EE-B272-41EF8117055F}.Release|Any CPU.ActiveCfg = Release|Any CPU
		{C0F996F1-D34D-46EE-B272-41EF8117055F}.Release|Any CPU.Build.0 = Release|Any CPU
		{C0F996F1-D34D-46EE-B272-41EF8117055F}.Release|x64.ActiveCfg = Release|Any CPU
		{C0F996F1-D34D-46EE-B272-41EF8117055F}.Release|x64.Build.0 = Release|Any CPU
		{C0F996F1-D34D-46EE-B272-41EF8117055F}.Release|x86.ActiveCfg = Release|Any CPU
		{C0F996F1-D34D-46EE-B272-41EF8117055F}.Release|x86.Build.0 = Release|Any CPU
		{F9CAF6AC-697A-4580-A22E-4704914D7B3D}.Debug|Any CPU.ActiveCfg = Debug|Any CPU
		{F9CAF6AC-697A-4580-A22E-4704914D7B3D}.Debug|Any CPU.Build.0 = Debug|Any CPU
		{F9CAF6AC-697A-4580-A22E-4704914D7B3D}.Debug|x64.ActiveCfg = Debug|Any CPU
		{F9CAF6AC-697A-4580-A22E-4704914D7B3D}.Debug|x64.Build.0 = Debug|Any CPU
		{F9CAF6AC-697A-4580-A22E-4704914D7B3D}.Debug|x86.ActiveCfg = Debug|Any CPU
		{F9CAF6AC-697A-4580-A22E-4704914D7B3D}.Debug|x86.Build.0 = Debug|Any CPU
		{F9CAF6AC-697A-4580-A22E-4704914D7B3D}.Release|Any CPU.ActiveCfg = Release|Any CPU
		{F9CAF6AC-697A-4580-A22E-4704914D7B3D}.Release|Any CPU.Build.0 = Release|Any CPU
		{F9CAF6AC-697A-4580-A22E-4704914D7B3D}.Release|x64.ActiveCfg = Release|Any CPU
		{F9CAF6AC-697A-4580-A22E-4704914D7B3D}.Release|x64.Build.0 = Release|Any CPU
		{F9CAF6AC-697A-4580-A22E-4704914D7B3D}.Release|x86.ActiveCfg = Release|Any CPU
		{F9CAF6AC-697A-4580-A22E-4704914D7B3D}.Release|x86.Build.0 = Release|Any CPU
		{FE4F4138-BA2A-4C03-A8C2-28B02EF9F9CD}.Debug|Any CPU.ActiveCfg = Debug|Any CPU
		{FE4F4138-BA2A-4C03-A8C2-28B02EF9F9CD}.Debug|Any CPU.Build.0 = Debug|Any CPU
		{FE4F4138-BA2A-4C03-A8C2-28B02EF9F9CD}.Debug|x64.ActiveCfg = Debug|Any CPU
		{FE4F4138-BA2A-4C03-A8C2-28B02EF9F9CD}.Debug|x64.Build.0 = Debug|Any CPU
		{FE4F4138-BA2A-4C03-A8C2-28B02EF9F9CD}.Debug|x86.ActiveCfg = Debug|Any CPU
		{FE4F4138-BA2A-4C03-A8C2-28B02EF9F9CD}.Debug|x86.Build.0 = Debug|Any CPU
		{FE4F4138-BA2A-4C03-A8C2-28B02EF9F9CD}.Release|Any CPU.ActiveCfg = Release|Any CPU
		{FE4F4138-BA2A-4C03-A8C2-28B02EF9F9CD}.Release|Any CPU.Build.0 = Release|Any CPU
		{FE4F4138-BA2A-4C03-A8C2-28B02EF9F9CD}.Release|x64.ActiveCfg = Release|Any CPU
		{FE4F4138-BA2A-4C03-A8C2-28B02EF9F9CD}.Release|x64.Build.0 = Release|Any CPU
		{FE4F4138-BA2A-4C03-A8C2-28B02EF9F9CD}.Release|x86.ActiveCfg = Release|Any CPU
		{FE4F4138-BA2A-4C03-A8C2-28B02EF9F9CD}.Release|x86.Build.0 = Release|Any CPU
	EndGlobalSection
	GlobalSection(SolutionProperties) = preSolution
		HideSolutionNode = FALSE
	EndGlobalSection
	GlobalSection(NestedProjects) = preSolution
		{20050E27-225D-4043-B694-748F135970DD} = {827E0CD3-B72D-47B6-A68D-7590B98EB39B}
		{77217953-146B-48DA-8DED-E0FA782F052A} = {827E0CD3-B72D-47B6-A68D-7590B98EB39B}
		{6E8AE33F-D145-446B-8936-41E4EA5D6FC2} = {827E0CD3-B72D-47B6-A68D-7590B98EB39B}
		{C0F996F1-D34D-46EE-B272-41EF8117055F} = {827E0CD3-B72D-47B6-A68D-7590B98EB39B}
		{F9CAF6AC-697A-4580-A22E-4704914D7B3D} = {0AB3BF05-4346-4AA6-1389-037BE0695223}
		{FE4F4138-BA2A-4C03-A8C2-28B02EF9F9CD} = {5D20AA90-6969-D8BD-9DCD-8634F4692FDA}
	EndGlobalSection
	GlobalSection(ExtensibilityGlobals) = postSolution
		SolutionGuid = {AE9BACCB-722E-45D4-8EE1-2BB7A0CA4E01}
	EndGlobalSection
EndGlobal
